// !$*UTF8*$!
{
	archiveVersion = 1;
	classes = {
	};
	objectVersion = 46;
	objects = {

/* Begin PBXBuildFile section */
		8FAC96341ABC3658004394F9 /* AppDelegate.swift in Sources */ = {isa = PBXBuildFile; fileRef = 8FAC96331ABC3658004394F9 /* AppDelegate.swift */; };
		8FAC96361ABC3658004394F9 /* ViewController.swift in Sources */ = {isa = PBXBuildFile; fileRef = 8FAC96351ABC3658004394F9 /* ViewController.swift */; };
		8FAC96391ABC3658004394F9 /* Main.storyboard in Resources */ = {isa = PBXBuildFile; fileRef = 8FAC96371ABC3658004394F9 /* Main.storyboard */; };
		8FAC963B1ABC3658004394F9 /* Images.xcassets in Resources */ = {isa = PBXBuildFile; fileRef = 8FAC963A1ABC3658004394F9 /* Images.xcassets */; };
		8FAC963E1ABC3658004394F9 /* LaunchScreen.xib in Resources */ = {isa = PBXBuildFile; fileRef = 8FAC963C1ABC3658004394F9 /* LaunchScreen.xib */; };
		8FAC964A1ABC3658004394F9 /* _0150320_3rdTests.swift in Sources */ = {isa = PBXBuildFile; fileRef = 8FAC96491ABC3658004394F9 /* _0150320_3rdTests.swift */; };
		8FAC965A1ABC3761004394F9 /* truecocoaViewController.swift in Sources */ = {isa = PBXBuildFile; fileRef = 8FAC96591ABC3761004394F9 /* truecocoaViewController.swift */; };
/* End PBXBuildFile section */

/* Begin PBXContainerItemProxy section */
		8FAC96441ABC3658004394F9 /* PBXContainerItemProxy */ = {
			isa = PBXContainerItemProxy;
			containerPortal = 8FAC96261ABC3657004394F9 /* Project object */;
			proxyType = 1;
			remoteGlobalIDString = 8FAC962D1ABC3658004394F9;
			remoteInfo = 20150320_3rd;
		};
/* End PBXContainerItemProxy section */

/* Begin PBXFileReference section */
		8FAC962E1ABC3658004394F9 /* 20150320_3rd.app */ = {isa = PBXFileReference; explicitFileType = wrapper.application; includeInIndex = 0; path = 20150320_3rd.app; sourceTree = BUILT_PRODUCTS_DIR; };
		8FAC96321ABC3658004394F9 /* Info.plist */ = {isa = PBXFileReference; lastKnownFileType = text.plist.xml; path = Info.plist; sourceTree = "<group>"; };
		8FAC96331ABC3658004394F9 /* AppDelegate.swift */ = {isa = PBXFileReference; lastKnownFileType = sourcecode.swift; path = AppDelegate.swift; sourceTree = "<group>"; };
		8FAC96351ABC3658004394F9 /* ViewController.swift */ = {isa = PBXFileReference; lastKnownFileType = sourcecode.swift; path = ViewController.swift; sourceTree = "<group>"; };
		8FAC96381ABC3658004394F9 /* Base */ = {isa = PBXFileReference; lastKnownFileType = file.storyboard; name = Base; path = Base.lproj/Main.storyboard; sourceTree = "<group>"; };
		8FAC963A1ABC3658004394F9 /* Images.xcassets */ = {isa = PBXFileReference; lastKnownFileType = folder.assetcatalog; path = Images.xcassets; sourceTree = "<group>"; };
		8FAC963D1ABC3658004394F9 /* Base */ = {isa = PBXFileReference; lastKnownFileType = file.xib; name = Base; path = Base.lproj/LaunchScreen.xib; sourceTree = "<group>"; };
		8FAC96431ABC3658004394F9 /* 20150320_3rdTests.xctest */ = {isa = PBXFileReference; explicitFileType = wrapper.cfbundle; includeInIndex = 0; path = 20150320_3rdTests.xctest; sourceTree = BUILT_PRODUCTS_DIR; };
		8FAC96481ABC3658004394F9 /* Info.plist */ = {isa = PBXFileReference; lastKnownFileType = text.plist.xml; path = Info.plist; sourceTree = "<group>"; };
		8FAC96491ABC3658004394F9 /* _0150320_3rdTests.swift */ = {isa = PBXFileReference; lastKnownFileType = sourcecode.swift; path = _0150320_3rdTests.swift; sourceTree = "<group>"; };
		8FAC96591ABC3761004394F9 /* truecocoaViewController.swift */ = {isa = PBXFileReference; fileEncoding = 4; lastKnownFileType = sourcecode.swift; path = truecocoaViewController.swift; sourceTree = "<group>"; };
/* End PBXFileReference section */

/* Begin PBXFrameworksBuildPhase section */
		8FAC962B1ABC3658004394F9 /* Frameworks */ = {
			isa = PBXFrameworksBuildPhase;
			buildActionMask = 2147483647;
			files = (
			);
			runOnlyForDeploymentPostprocessing = 0;
		};
		8FAC96401ABC3658004394F9 /* Frameworks */ = {
			isa = PBXFrameworksBuildPhase;
			buildActionMask = 2147483647;
			files = (
			);
			runOnlyForDeploymentPostprocessing = 0;
		};
/* End PBXFrameworksBuildPhase section */

/* Begin PBXGroup section */
		8FAC96251ABC3657004394F9 = {
			isa = PBXGroup;
			children = (
				8FAC96301ABC3658004394F9 /* 20150320_3rd */,
				8FAC96461ABC3658004394F9 /* 20150320_3rdTests */,
				8FAC962F1ABC3658004394F9 /* Products */,
			);
			sourceTree = "<group>";
		};
		8FAC962F1ABC3658004394F9 /* Products */ = {
			isa = PBXGroup;
			children = (
				8FAC962E1ABC3658004394F9 /* 20150320_3rd.app */,
				8FAC96431ABC3658004394F9 /* 20150320_3rdTests.xctest */,
			);
			name = Products;
			sourceTree = "<group>";
		};
		8FAC96301ABC3658004394F9 /* 20150320_3rd */ = {
			isa = PBXGroup;
			children = (
				8FAC96331ABC3658004394F9 /* AppDelegate.swift */,
				8FAC96351ABC3658004394F9 /* ViewController.swift */,
				8FAC96591ABC3761004394F9 /* truecocoaViewController.swift */,
				8FAC96371ABC3658004394F9 /* Main.storyboard */,
				8FAC963A1ABC3658004394F9 /* Images.xcassets */,
				8FAC963C1ABC3658004394F9 /* LaunchScreen.xib */,
				8FAC96311ABC3658004394F9 /* Supporting Files */,
			);
			path = 20150320_3rd;
			sourceTree = "<group>";
		};
		8FAC96311ABC3658004394F9 /* Supporting Files */ = {
			isa = PBXGroup;
			children = (
				8FAC96321ABC3658004394F9 /* Info.plist */,
			);
			name = "Supporting Files";
			sourceTree = "<group>";
		};
		8FAC96461ABC3658004394F9 /* 20150320_3rdTests */ = {
			isa = PBXGroup;
			children = (
				8FAC96491ABC3658004394F9 /* _0150320_3rdTests.swift */,
				8FAC96471ABC3658004394F9 /* Supporting Files */,
			);
			path = 20150320_3rdTests;
			sourceTree = "<group>";
		};
		8FAC96471ABC3658004394F9 /* Supporting Files */ = {
			isa = PBXGroup;
			children = (
				8FAC96481ABC3658004394F9 /* Info.plist */,
			);
			name = "Supporting Files";
			sourceTree = "<group>";
		};
/* End PBXGroup section */

/* Begin PBXNativeTarget section */
		8FAC962D1ABC3658004394F9 /* 20150320_3rd */ = {
			isa = PBXNativeTarget;
			buildConfigurationList = 8FAC964D1ABC3658004394F9 /* Build configuration list for PBXNativeTarget "20150320_3rd" */;
			buildPhases = (
				8FAC962A1ABC3658004394F9 /* Sources */,
				8FAC962B1ABC3658004394F9 /* Frameworks */,
				8FAC962C1ABC3658004394F9 /* Resources */,
			);
			buildRules = (
			);
			dependencies = (
			);
			name = 20150320_3rd;
			productName = 20150320_3rd;
			productReference = 8FAC962E1ABC3658004394F9 /* 20150320_3rd.app */;
			productType = "com.apple.product-type.application";
		};
		8FAC96421ABC3658004394F9 /* 20150320_3rdTests */ = {
			isa = PBXNativeTarget;
			buildConfigurationList = 8FAC96501ABC3658004394F9 /* Build configuration list for PBXNativeTarget "20150320_3rdTests" */;
			buildPhases = (
				8FAC963F1ABC3658004394F9 /* Sources */,
				8FAC96401ABC3658004394F9 /* Frameworks */,
				8FAC96411ABC3658004394F9 /* Resources */,
			);
			buildRules = (
			);
			dependencies = (
				8FAC96451ABC3658004394F9 /* PBXTargetDependency */,
			);
			name = 20150320_3rdTests;
			productName = 20150320_3rdTests;
			productReference = 8FAC96431ABC3658004394F9 /* 20150320_3rdTests.xctest */;
			productType = "com.apple.product-type.bundle.unit-test";
		};
/* End PBXNativeTarget section */

/* Begin PBXProject section */
		8FAC96261ABC3657004394F9 /* Project object */ = {
			isa = PBXProject;
			attributes = {
				LastUpgradeCheck = 0610;
				ORGANIZATIONNAME = discord;
				TargetAttributes = {
					8FAC962D1ABC3658004394F9 = {
						CreatedOnToolsVersion = 6.1.1;
					};
					8FAC96421ABC3658004394F9 = {
						CreatedOnToolsVersion = 6.1.1;
						TestTargetID = 8FAC962D1ABC3658004394F9;
					};
				};
			};
			buildConfigurationList = 8FAC96291ABC3657004394F9 /* Build configuration list for PBXProject "20150320_3rd" */;
			compatibilityVersion = "Xcode 3.2";
			developmentRegion = English;
			hasScannedForEncodings = 0;
			knownRegions = (
				en,
				Base,
			);
			mainGroup = 8FAC96251ABC3657004394F9;
			productRefGroup = 8FAC962F1ABC3658004394F9 /* Products */;
			projectDirPath = "";
			projectRoot = "";
			targets = (
				8FAC962D1ABC3658004394F9 /* 20150320_3rd */,
				8FAC96421ABC3658004394F9 /* 20150320_3rdTests */,
			);
		};
/* End PBXProject section */

/* Begin PBXResourcesBuildPhase section */
		8FAC962C1ABC3658004394F9 /* Resources */ = {
			isa = PBXResourcesBuildPhase;
			buildActionMask = 2147483647;
			files = (
				8FAC96391ABC3658004394F9 /* Main.storyboard in Resources */,
				8FAC963E1ABC3658004394F9 /* LaunchScreen.xib in Resources */,
				8FAC963B1ABC3658004394F9 /* Images.xcassets in Resources */,
			);
			runOnlyForDeploymentPostprocessing = 0;
		};
		8FAC96411ABC3658004394F9 /* Resources */ = {
			isa = PBXResourcesBuildPhase;
			buildActionMask = 2147483647;
			files = (
			);
			runOnlyForDeploymentPostprocessing = 0;
		};
/* End PBXResourcesBuildPhase section */

/* Begin PBXSourcesBuildPhase section */
		8FAC962A1ABC3658004394F9 /* Sources */ = {
			isa = PBXSourcesBuildPhase;
			buildActionMask = 2147483647;
			files = (
				8FAC96361ABC3658004394F9 /* ViewController.swift in Sources */,
				8FAC96341ABC3658004394F9 /* AppDelegate.swift in Sources */,
				8FAC965A1ABC3761004394F9 /* truecocoaViewController.swift in Sources */,
			);
			runOnlyForDeploymentPostprocessing = 0;
		};
		8FAC963F1ABC3658004394F9 /* Sources */ = {
			isa = PBXSourcesBuildPhase;
			buildActionMask = 2147483647;
			files = (
				8FAC964A1ABC3658004394F9 /* _0150320_3rdTests.swift in Sources */,
			);
			runOnlyForDeploymentPostprocessing = 0;
		};
/* End PBXSourcesBuildPhase section */

/* Begin PBXTargetDependency section */
		8FAC96451ABC3658004394F9 /* PBXTargetDependency */ = {
			isa = PBXTargetDependency;
			target = 8FAC962D1ABC3658004394F9 /* 20150320_3rd */;
			targetProxy = 8FAC96441ABC3658004394F9 /* PBXContainerItemProxy */;
		};
/* End PBXTargetDependency section */

/* Begin PBXVariantGroup section */
		8FAC96371ABC3658004394F9 /* Main.storyboard */ = {
			isa = PBXVariantGroup;
			children = (
				8FAC96381ABC3658004394F9 /* Base */,
			);
			name = Main.storyboard;
			sourceTree = "<group>";
		};
		8FAC963C1ABC3658004394F9 /* LaunchScreen.xib */ = {
			isa = PBXVariantGroup;
			children = (
				8FAC963D1ABC3658004394F9 /* Base */,
			);
			name = LaunchScreen.xib;
			sourceTree = "<group>";
		};
/* End PBXVariantGroup section */

/* Begin XCBuildConfiguration section */
		8FAC964B1ABC3658004394F9 /* Debug */ = {
			isa = XCBuildConfiguration;
			buildSettings = {
				ALWAYS_SEARCH_USER_PATHS = NO;
				CLANG_CXX_LANGUAGE_STANDARD = "gnu++0x";
				CLANG_CXX_LIBRARY = "libc++";
				CLANG_ENABLE_MODULES = YES;
				CLANG_ENABLE_OBJC_ARC = YES;
				CLANG_WARN_BOOL_CONVERSION = YES;
				CLANG_WARN_CONSTANT_CONVERSION = YES;
				CLANG_WARN_DIRECT_OBJC_ISA_USAGE = YES_ERROR;
				CLANG_WARN_EMPTY_BODY = YES;
				CLANG_WARN_ENUM_CONVERSION = YES;
				CLANG_WARN_INT_CONVERSION = YES;
				CLANG_WARN_OBJC_ROOT_CLASS = YES_ERROR;
				CLANG_WARN_UNREACHABLE_CODE = YES;
				CLANG_WARN__DUPLICATE_METHOD_MATCH = YES;
				"CODE_SIGN_IDENTITY[sdk=iphoneos*]" = "iPhone Developer";
				COPY_PHASE_STRIP = NO;
				ENABLE_STRICT_OBJC_MSGSEND = YES;
				GCC_C_LANGUAGE_STANDARD = gnu99;
				GCC_DYNAMIC_NO_PIC = NO;
				GCC_OPTIMIZATION_LEVEL = 0;
				GCC_PREPROCESSOR_DEFINITIONS = (
					"DEBUG=1",
					"$(inherited)",
				);
				GCC_SYMBOLS_PRIVATE_EXTERN = NO;
				GCC_WARN_64_TO_32_BIT_CONVERSION = YES;
				GCC_WARN_ABOUT_RETURN_TYPE = YES_ERROR;
				GCC_WARN_UNDECLARED_SELECTOR = YES;
				GCC_WARN_UNINITIALIZED_AUTOS = YES_AGGRESSIVE;
				GCC_WARN_UNUSED_FUNCTION = YES;
				GCC_WARN_UNUSED_VARIABLE = YES;
				IPHONEOS_DEPLOYMENT_TARGET = 8.1;
				MTL_ENABLE_DEBUG_INFO = YES;
				ONLY_ACTIVE_ARCH = YES;
				SDKROOT = iphoneos;
				SWIFT_OPTIMIZATION_LEVEL = "-Onone";
			};
			name = Debug;
		};
		8FAC964C1ABC3658004394F9 /* Release */ = {
			isa = XCBuildConfiguration;
			buildSettings = {
				ALWAYS_SEARCH_USER_PATHS = NO;
				CLANG_CXX_LANGUAGE_STANDARD = "gnu++0x";
				CLANG_CXX_LIBRARY = "libc++";
				CLANG_ENABLE_MODULES = YES;
				CLANG_ENABLE_OBJC_ARC = YES;
				CLANG_WARN_BOOL_CONVERSION = YES;
				CLANG_WARN_CONSTANT_CONVERSION = YES;
				CLANG_WARN_DIRECT_OBJC_ISA_USAGE = YES_ERROR;
				CLANG_WARN_EMPTY_BODY = YES;
				CLANG_WARN_ENUM_CONVERSION = YES;
				CLANG_WARN_INT_CONVERSION = YES;
				CLANG_WARN_OBJC_ROOT_CLASS = YES_ERROR;
				CLANG_WARN_UNREACHABLE_CODE = YES;
				CLANG_WARN__DUPLICATE_METHOD_MATCH = YES;
				"CODE_SIGN_IDENTITY[sdk=iphoneos*]" = "iPhone Developer";
				COPY_PHASE_STRIP = YES;
				ENABLE_NS_ASSERTIONS = NO;
				ENABLE_STRICT_OBJC_MSGSEND = YES;
				GCC_C_LANGUAGE_STANDARD = gnu99;
				GCC_WARN_64_TO_32_BIT_CONVERSION = YES;
				GCC_WARN_ABOUT_RETURN_TYPE = YES_ERROR;
				GCC_WARN_UNDECLARED_SELECTOR = YES;
				GCC_WARN_UNINITIALIZED_AUTOS = YES_AGGRESSIVE;
				GCC_WARN_UNUSED_FUNCTION = YES;
				GCC_WARN_UNUSED_VARIABLE = YES;
				IPHONEOS_DEPLOYMENT_TARGET = 8.1;
				MTL_ENABLE_DEBUG_INFO = NO;
				SDKROOT = iphoneos;
				VALIDATE_PRODUCT = YES;
			};
			name = Release;
		};
		8FAC964E1ABC3658004394F9 /* Debug */ = {
			isa = XCBuildConfiguration;
			buildSettings = {
				ASSETCATALOG_COMPILER_APPICON_NAME = AppIcon;
				INFOPLIST_FILE = 20150320_3rd/Info.plist;
				LD_RUNPATH_SEARCH_PATHS = "$(inherited) @executable_path/Frameworks";
				PRODUCT_NAME = "$(TARGET_NAME)";
			};
			name = Debug;
		};
		8FAC964F1ABC3658004394F9 /* Release */ = {
			isa = XCBuildConfiguration;
			buildSettings = {
				ASSETCATALOG_COMPILER_APPICON_NAME = AppIcon;
				INFOPLIST_FILE = 20150320_3rd/Info.plist;
				LD_RUNPATH_SEARCH_PATHS = "$(inherited) @executable_path/Frameworks";
				PRODUCT_NAME = "$(TARGET_NAME)";
			};
			name = Release;
		};
		8FAC96511ABC3658004394F9 /* Debug */ = {
			isa = XCBuildConfiguration;
			buildSettings = {
				BUNDLE_LOADER = "$(TEST_HOST)";
				FRAMEWORK_SEARCH_PATHS = (
					"$(SDKROOT)/Developer/Library/Frameworks",
					"$(inherited)",
				);
				GCC_PREPROCESSOR_DEFINITIONS = (
					"DEBUG=1",
					"$(inherited)",
				);
				INFOPLIST_FILE = 20150320_3rdTests/Info.plist;
				LD_RUNPATH_SEARCH_PATHS = "$(inherited) @executable_path/Frameworks @loader_path/Frameworks";
				PRODUCT_NAME = "$(TARGET_NAME)";
				TEST_HOST = "$(BUILT_PRODUCTS_DIR)/20150320_3rd.app/20150320_3rd";
			};
			name = Debug;
		};
		8FAC96521ABC3658004394F9 /* Release */ = {
			isa = XCBuildConfiguration;
			buildSettings = {
				BUNDLE_LOADER = "$(TEST_HOST)";
				FRAMEWORK_SEARCH_PATHS = (
					"$(SDKROOT)/Developer/Library/Frameworks",
					"$(inherited)",
				);
				INFOPLIST_FILE = 20150320_3rdTests/Info.plist;
				LD_RUNPATH_SEARCH_PATHS = "$(inherited) @executable_path/Frameworks @loader_path/Frameworks";
				PRODUCT_NAME = "$(TARGET_NAME)";
				TEST_HOST = "$(BUILT_PRODUCTS_DIR)/20150320_3rd.app/20150320_3rd";
			};
			name = Release;
		};
/* End XCBuildConfiguration section */

/* Begin XCConfigurationList section */
		8FAC96291ABC3657004394F9 /* Build configuration list for PBXProject "20150320_3rd" */ = {
			isa = XCConfigurationList;
			buildConfigurations = (
				8FAC964B1ABC3658004394F9 /* Debug */,
				8FAC964C1ABC3658004394F9 /* Release */,
			);
			defaultConfigurationIsVisible = 0;
			defaultConfigurationName = Release;
		};
		8FAC964D1ABC3658004394F9 /* Build configuration list for PBXNativeTarget "20150320_3rd" */ = {
			isa = XCConfigurationList;
			buildConfigurations = (
				8FAC964E1ABC3658004394F9 /* Debug */,
				8FAC964F1ABC3658004394F9 /* Release */,
			);
			defaultConfigurationIsVisible = 0;
		};
		8FAC96501ABC3658004394F9 /* Build configuration list for PBXNativeTarget "20150320_3rdTests" */ = {
			isa = XCConfigurationList;
			buildConfigurations = (
				8FAC96511ABC3658004394F9 /* Debug */,
				8FAC96521ABC3658004394F9 /* Release */,
			);
			defaultConfigurationIsVisible = 0;
		};
/* End XCConfigurationList section */
	};
	rootObject = 8FAC96261ABC3657004394F9 /* Project object */;
}
